
Microsoft Visual Studio Solution File, Format Version 12.00
# Visual Studio 15
VisualStudioVersion = 15.0.28010.2003
MinimumVisualStudioVersion = 10.0.40219.1
Project("{FAE04EC0-301F-11D3-BF4B-00C04F79EFBC}") = "Program1", "Program1\Program1.csproj", "{8964E3FD-B692-483A-98EF-24DDEACEEAC3}"
EndProject
Project("{FAE04EC0-301F-11D3-BF4B-00C04F79EFBC}") = "Program2", "Program2\Program2.csproj", "{5D5FCA62-0801-490C-A4B7-D90972C27D4B}"
EndProject
Global
	GlobalSection(SolutionConfigurationPlatforms) = preSolution
		Debug|Any CPU = Debug|Any CPU
		Release|Any CPU = Release|Any CPU
	EndGlobalSection
	GlobalSection(ProjectConfigurationPlatforms) = postSolution
		{8964E3FD-B692-483A-98EF-24DDEACEEAC3}.Debug|Any CPU.ActiveCfg = Debug|Any CPU
		{8964E3FD-B692-483A-98EF-24DDEACEEAC3}.Debug|Any CPU.Build.0 = Debug|Any CPU
		{8964E3FD-B692-483A-98EF-24DDEACEEAC3}.Release|Any CPU.ActiveCfg = Release|Any CPU
		{8964E3FD-B692-483A-98EF-24DDEACEEAC3}.Release|Any CPU.Build.0 = Release|Any CPU
		{5D5FCA62-0801-490C-A4B7-D90972C27D4B}.Debug|Any CPU.ActiveCfg = Debug|Any CPU
		{5D5FCA62-0801-490C-A4B7-D90972C27D4B}.Debug|Any CPU.Build.0 = Debug|Any CPU
		{5D5FCA62-0801-490C-A4B7-D90972C27D4B}.Release|Any CPU.ActiveCfg = Release|Any CPU
		{5D5FCA62-0801-490C-A4B7-D90972C27D4B}.Release|Any CPU.Build.0 = Release|Any CPU
	EndGlobalSection
	GlobalSection(SolutionProperties) = preSolution
		HideSolutionNode = FALSE
	EndGlobalSection
	GlobalSection(ExtensibilityGlobals) = postSolution
		SolutionGuid = {B25B25DF-BEB4-44B4-89A6-E344C9F444E4}
	EndGlobalSection
EndGlobal
