
Microsoft Visual Studio Solution File, Format Version 12.00
# Visual Studio 15
VisualStudioVersion = 15.0.28010.2003
MinimumVisualStudioVersion = 10.0.40219.1
Project("{FAE04EC0-301F-11D3-BF4B-00C04F79EFBC}") = "Program2", "Program2\Program2.csproj", "{A684D59C-A951-43E8-8B74-AE755AF507DF}"
EndProject
Project("{FAE04EC0-301F-11D3-BF4B-00C04F79EFBC}") = "Program1", "Program1\Program1.csproj", "{EEC896F2-9134-4FCA-BC1B-9FEDBA4867C9}"
	ProjectSection(ProjectDependencies) = postProject
		{A684D59C-A951-43E8-8B74-AE755AF507DF} = {A684D59C-A951-43E8-8B74-AE755AF507DF}
	EndProjectSection
EndProject
Global
	GlobalSection(SolutionConfigurationPlatforms) = preSolution
		Debug|Any CPU = Debug|Any CPU
		Release|Any CPU = Release|Any CPU
	EndGlobalSection
	GlobalSection(ProjectConfigurationPlatforms) = postSolution
		{A684D59C-A951-43E8-8B74-AE755AF507DF}.Debug|Any CPU.ActiveCfg = Debug|Any CPU
		{A684D59C-A951-43E8-8B74-AE755AF507DF}.Debug|Any CPU.Build.0 = Debug|Any CPU
		{A684D59C-A951-43E8-8B74-AE755AF507DF}.Release|Any CPU.ActiveCfg = Release|Any CPU
		{A684D59C-A951-43E8-8B74-AE755AF507DF}.Release|Any CPU.Build.0 = Release|Any CPU
		{EEC896F2-9134-4FCA-BC1B-9FEDBA4867C9}.Debug|Any CPU.ActiveCfg = Debug|Any CPU
		{EEC896F2-9134-4FCA-BC1B-9FEDBA4867C9}.Debug|Any CPU.Build.0 = Debug|Any CPU
		{EEC896F2-9134-4FCA-BC1B-9FEDBA4867C9}.Release|Any CPU.ActiveCfg = Release|Any CPU
		{EEC896F2-9134-4FCA-BC1B-9FEDBA4867C9}.Release|Any CPU.Build.0 = Release|Any CPU
	EndGlobalSection
	GlobalSection(SolutionProperties) = preSolution
		HideSolutionNode = FALSE
	EndGlobalSection
	GlobalSection(ExtensibilityGlobals) = postSolution
		SolutionGuid = {E9C40AB1-DF76-4F9F-AF0B-C11F00F231B8}
	EndGlobalSection
EndGlobal
