
Microsoft Visual Studio Solution File, Format Version 12.00
# Visual Studio 15
VisualStudioVersion = 15.0.28010.2003
MinimumVisualStudioVersion = 10.0.40219.1
Project("{FAE04EC0-301F-11D3-BF4B-00C04F79EFBC}") = "Program1", "Program1\Program1.csproj", "{4F9B3221-609E-40FF-BAB3-58CFE4851DA3}"
EndProject
Global
	GlobalSection(SolutionConfigurationPlatforms) = preSolution
		Debug|Any CPU = Debug|Any CPU
		Release|Any CPU = Release|Any CPU
	EndGlobalSection
	GlobalSection(ProjectConfigurationPlatforms) = postSolution
		{4F9B3221-609E-40FF-BAB3-58CFE4851DA3}.Debug|Any CPU.ActiveCfg = Debug|Any CPU
		{4F9B3221-609E-40FF-BAB3-58CFE4851DA3}.Debug|Any CPU.Build.0 = Debug|Any CPU
		{4F9B3221-609E-40FF-BAB3-58CFE4851DA3}.Release|Any CPU.ActiveCfg = Release|Any CPU
		{4F9B3221-609E-40FF-BAB3-58CFE4851DA3}.Release|Any CPU.Build.0 = Release|Any CPU
	EndGlobalSection
	GlobalSection(SolutionProperties) = preSolution
		HideSolutionNode = FALSE
	EndGlobalSection
	GlobalSection(ExtensibilityGlobals) = postSolution
		SolutionGuid = {8B6E0B6A-FE0B-4BC1-B12E-DCCF7FF7B2F0}
	EndGlobalSection
EndGlobal
